
Microsoft Visual Studio Solution File, Format Version 12.00
# Visual Studio 15
VisualStudioVersion = 15.0.35213.121
MinimumVisualStudioVersion = 10.0.40219.1
Project("{FAE04EC0-301F-11D3-BF4B-00C04F79EFBC}") = "De01", "De01\De01.csproj", "{EAD91EF8-209F-41CC-A513-B09356FADF13}"
EndProject
Global
	GlobalSection(SolutionConfigurationPlatforms) = preSolution
		Debug|Any CPU = Debug|Any CPU
		Release|Any CPU = Release|Any CPU
	EndGlobalSection
	GlobalSection(ProjectConfigurationPlatforms) = postSolution
		{EAD91EF8-209F-41CC-A513-B09356FADF13}.Debug|Any CPU.ActiveCfg = Debug|Any CPU
		{EAD91EF8-209F-41CC-A513-B09356FADF13}.Debug|Any CPU.Build.0 = Debug|Any CPU
		{EAD91EF8-209F-41CC-A513-B09356FADF13}.Release|Any CPU.ActiveCfg = Release|Any CPU
		{EAD91EF8-209F-41CC-A513-B09356FADF13}.Release|Any CPU.Build.0 = Release|Any CPU
	EndGlobalSection
	GlobalSection(SolutionProperties) = preSolution
		HideSolutionNode = FALSE
	EndGlobalSection
	GlobalSection(ExtensibilityGlobals) = postSolution
		SolutionGuid = {E3371F74-CE9B-4290-A285-768E61AAE359}
	EndGlobalSection
EndGlobal
